{
    "_readme": [
        "This file locks the dependencies of your project to a known state",
        "Read more about it at https://getcomposer.org/doc/01-basic-usage.md#composer-lock-the-lock-file",
        "This file is @generated automatically"
    ],
    "content-hash": "4ab7ade23859e65e13c09525cc0795f2",
    "packages": [
        {
            "name": "dwoo/dwoo",
            "version": "1.3.1",
            "source": {
                "type": "git",
                "url": "https://github.com/dwoo-project/dwoo.git",
                "reference": "9fc149b5d1777402ebb25c179656e5ed6dd2bc25"
            },
            "dist": {
                "type": "zip",
                "url": "https://api.github.com/repos/dwoo-project/dwoo/zipball/9fc149b5d1777402ebb25c179656e5ed6dd2bc25",
                "reference": "9fc149b5d1777402ebb25c179656e5ed6dd2bc25",
                "shasum": ""
            },
            "require": {
                "php": "^5.3|^7.0"
            },
            "require-dev": {
                "phpunit/phpunit": "4.8.27"
            },
            "type": "library",
            "autoload": {
                "psr-4": {
                    "Dwoo\\": "lib/Dwoo/"
                }
            },
            "notification-url": "https://packagist.org/downloads/",
            "license": [
                "LGPL"
            ],
            "authors": [
                {
                    "name": "David Sanchez",
                    "email": "david38sanchez@gmail.com"
                }
            ],
            "description": "Dwoo is a PHP5/PHP7 template engine which is (almost) fully compatible with Smarty templates and plugins, but is written from scratch for PHP5, and adds many features.",
            "time": "2016-12-16T16:30:16+00:00"
        },
        {
            "name": "kassner/log-parser",
            "version": "1.3.1",
            "source": {
                "type": "git",
                "url": "https://github.com/kassner/log-parser.git",
                "reference": "fec5dfd24374b194b751e76ced5747ad9321210b"
            },
            "dist": {
                "type": "zip",
                "url": "https://api.github.com/repos/kassner/log-parser/zipball/fec5dfd24374b194b751e76ced5747ad9321210b",
                "reference": "fec5dfd24374b194b751e76ced5747ad9321210b",
                "shasum": ""
            },
            "require": {
                "php": ">=5.3.4"
            },
            "require-dev": {
                "fabpot/php-cs-fixer": "^1.12",
                "phpmd/phpmd": "~2.1",
                "phpunit/phpunit": "~4.4",
                "sebastian/phpcpd": "~2.0"
            },
            "type": "library",
            "autoload": {
                "psr-0": {
                    "Kassner": "src"
                }
            },
            "notification-url": "https://packagist.org/downloads/",
            "license": [
                "Apache 2.0"
            ],
            "authors": [
                {
                    "name": "Rafael Kassner",
                    "email": "kassner@gmail.com",
                    "homepage": "http://www.kassner.com.br/",
                    "role": "Developer"
                }
            ],
            "description": "PHP Log Parser Library",
            "homepage": "http://github.com/kassner/log-parser",
            "keywords": [
                "apache",
                "format",
                "log",
                "log-format",
                "nginx",
                "parser"
            ],
            "time": "2017-06-25T10:36:41+00:00"
        }
    ],
    "packages-dev": [],
    "aliases": [],
    "minimum-stability": "stable",
    "stability-flags": [],
    "prefer-stable": false,
    "prefer-lowest": false,
    "platform": [],
    "platform-dev": []
}
